
Microsoft Visual Studio Solution File, Format Version 12.00
# Visual Studio 15
VisualStudioVersion = 15.0.28307.271
MinimumVisualStudioVersion = 10.0.40219.1
Project("{8BC9CEB8-8B4A-11D0-8D11-00A0C91BC942}") = "final", "final\final.vcxproj", "{59D181F8-EB25-4185-ADA0-96605AA91476}"
EndProject
Global
	GlobalSection(SolutionConfigurationPlatforms) = preSolution
		Debug|x64 = Debug|x64
		Debug|x86 = Debug|x86
		Release|x64 = Release|x64
		Release|x86 = Release|x86
	EndGlobalSection
	GlobalSection(ProjectConfigurationPlatforms) = postSolution
		{59D181F8-EB25-4185-ADA0-96605AA91476}.Debug|x64.ActiveCfg = Debug|x64
		{59D181F8-EB25-4185-ADA0-96605AA91476}.Debug|x64.Build.0 = Debug|x64
		{59D181F8-EB25-4185-ADA0-96605AA91476}.Debug|x86.ActiveCfg = Debug|Win32
		{59D181F8-EB25-4185-ADA0-96605AA91476}.Debug|x86.Build.0 = Debug|Win32
		{59D181F8-EB25-4185-ADA0-96605AA91476}.Release|x64.ActiveCfg = Release|x64
		{59D181F8-EB25-4185-ADA0-96605AA91476}.Release|x64.Build.0 = Release|x64
		{59D181F8-EB25-4185-ADA0-96605AA91476}.Release|x86.ActiveCfg = Release|Win32
		{59D181F8-EB25-4185-ADA0-96605AA91476}.Release|x86.Build.0 = Release|Win32
	EndGlobalSection
	GlobalSection(SolutionProperties) = preSolution
		HideSolutionNode = FALSE
	EndGlobalSection
	GlobalSection(ExtensibilityGlobals) = postSolution
		SolutionGuid = {538D73F6-8322-4699-9A0F-9B13D2E3175C}
	EndGlobalSection
EndGlobal
